
Microsoft Visual Studio Solution File, Format Version 12.00
# Visual Studio Version 17
VisualStudioVersion = 17.6.33801.468
MinimumVisualStudioVersion = 10.0.40219.1
Project("{FAE04EC0-301F-11D3-BF4B-00C04F79EFBC}") = "Anonymous.Bot", "Anonymous.Bot\Anonymous.Bot.csproj", "{2887BC88-A719-4578-B9D5-0447D7084E1B}"
EndProject
Global
	GlobalSection(SolutionConfigurationPlatforms) = preSolution
		Debug|Any CPU = Debug|Any CPU
		Release|Any CPU = Release|Any CPU
	EndGlobalSection
	GlobalSection(ProjectConfigurationPlatforms) = postSolution
		{2887BC88-A719-4578-B9D5-0447D7084E1B}.Debug|Any CPU.ActiveCfg = Debug|Any CPU
		{2887BC88-A719-4578-B9D5-0447D7084E1B}.Debug|Any CPU.Build.0 = Debug|Any CPU
		{2887BC88-A719-4578-B9D5-0447D7084E1B}.Release|Any CPU.ActiveCfg = Release|Any CPU
		{2887BC88-A719-4578-B9D5-0447D7084E1B}.Release|Any CPU.Build.0 = Release|Any CPU
	EndGlobalSection
	GlobalSection(SolutionProperties) = preSolution
		HideSolutionNode = FALSE
	EndGlobalSection
	GlobalSection(ExtensibilityGlobals) = postSolution
		SolutionGuid = {623C8DD5-735D-449E-A716-40F88913FEC7}
	EndGlobalSection
EndGlobal
